// !$*UTF8*$!
{
	archiveVersion = 1;
	classes = {
	};
	objectVersion = 46;
	objects = {

/* Begin PBXBuildFile section */
		E277FB9D1A8EC38800D13628 /* main.m in Sources */ = {isa = PBXBuildFile; fileRef = E277FB9C1A8EC38800D13628 /* main.m */; };
		E277FBA01A8EC38800D13628 /* AppDelegate.m in Sources */ = {isa = PBXBuildFile; fileRef = E277FB9F1A8EC38800D13628 /* AppDelegate.m */; };
		E277FBA31A8EC38800D13628 /* KeyChainHelper.xcdatamodeld in Sources */ = {isa = PBXBuildFile; fileRef = E277FBA11A8EC38800D13628 /* KeyChainHelper.xcdatamodeld */; };
		E277FBA61A8EC38800D13628 /* ViewController.m in Sources */ = {isa = PBXBuildFile; fileRef = E277FBA51A8EC38800D13628 /* ViewController.m */; };
		E277FBA91A8EC38800D13628 /* Main.storyboard in Resources */ = {isa = PBXBuildFile; fileRef = E277FBA71A8EC38800D13628 /* Main.storyboard */; };
		E277FBAB1A8EC38800D13628 /* Images.xcassets in Resources */ = {isa = PBXBuildFile; fileRef = E277FBAA1A8EC38800D13628 /* Images.xcassets */; };
		E277FBAE1A8EC38800D13628 /* LaunchScreen.xib in Resources */ = {isa = PBXBuildFile; fileRef = E277FBAC1A8EC38800D13628 /* LaunchScreen.xib */; };
		E277FBBA1A8EC38800D13628 /* KeyChainHelperTests.m in Sources */ = {isa = PBXBuildFile; fileRef = E277FBB91A8EC38800D13628 /* KeyChainHelperTests.m */; };
		E277FBC51A8EC3A500D13628 /* KeyChainHelper.m in Sources */ = {isa = PBXBuildFile; fileRef = E277FBC41A8EC3A500D13628 /* KeyChainHelper.m */; };
		E277FBC71A8EC6BA00D13628 /* Security.framework in Frameworks */ = {isa = PBXBuildFile; fileRef = E277FBC61A8EC6BA00D13628 /* Security.framework */; };
/* End PBXBuildFile section */

/* Begin PBXContainerItemProxy section */
		E277FBB41A8EC38800D13628 /* PBXContainerItemProxy */ = {
			isa = PBXContainerItemProxy;
			containerPortal = E277FB8F1A8EC38800D13628 /* Project object */;
			proxyType = 1;
			remoteGlobalIDString = E277FB961A8EC38800D13628;
			remoteInfo = KeyChainHelper;
		};
/* End PBXContainerItemProxy section */

/* Begin PBXFileReference section */
		E277FB971A8EC38800D13628 /* KeyChainHelper.app */ = {isa = PBXFileReference; explicitFileType = wrapper.application; includeInIndex = 0; path = KeyChainHelper.app; sourceTree = BUILT_PRODUCTS_DIR; };
		E277FB9B1A8EC38800D13628 /* Info.plist */ = {isa = PBXFileReference; lastKnownFileType = text.plist.xml; path = Info.plist; sourceTree = "<group>"; };
		E277FB9C1A8EC38800D13628 /* main.m */ = {isa = PBXFileReference; lastKnownFileType = sourcecode.c.objc; path = main.m; sourceTree = "<group>"; };
		E277FB9E1A8EC38800D13628 /* AppDelegate.h */ = {isa = PBXFileReference; lastKnownFileType = sourcecode.c.h; path = AppDelegate.h; sourceTree = "<group>"; };
		E277FB9F1A8EC38800D13628 /* AppDelegate.m */ = {isa = PBXFileReference; lastKnownFileType = sourcecode.c.objc; path = AppDelegate.m; sourceTree = "<group>"; };
		E277FBA21A8EC38800D13628 /* KeyChainHelper.xcdatamodel */ = {isa = PBXFileReference; lastKnownFileType = wrapper.xcdatamodel; path = KeyChainHelper.xcdatamodel; sourceTree = "<group>"; };
		E277FBA41A8EC38800D13628 /* ViewController.h */ = {isa = PBXFileReference; lastKnownFileType = sourcecode.c.h; path = ViewController.h; sourceTree = "<group>"; };
		E277FBA51A8EC38800D13628 /* ViewController.m */ = {isa = PBXFileReference; lastKnownFileType = sourcecode.c.objc; path = ViewController.m; sourceTree = "<group>"; };
		E277FBA81A8EC38800D13628 /* Base */ = {isa = PBXFileReference; lastKnownFileType = file.storyboard; name = Base; path = Base.lproj/Main.storyboard; sourceTree = "<group>"; };
		E277FBAA1A8EC38800D13628 /* Images.xcassets */ = {isa = PBXFileReference; lastKnownFileType = folder.assetcatalog; path = Images.xcassets; sourceTree = "<group>"; };
		E277FBAD1A8EC38800D13628 /* Base */ = {isa = PBXFileReference; lastKnownFileType = file.xib; name = Base; path = Base.lproj/LaunchScreen.xib; sourceTree = "<group>"; };
		E277FBB31A8EC38800D13628 /* KeyChainHelperTests.xctest */ = {isa = PBXFileReference; explicitFileType = wrapper.cfbundle; includeInIndex = 0; path = KeyChainHelperTests.xctest; sourceTree = BUILT_PRODUCTS_DIR; };
		E277FBB81A8EC38800D13628 /* Info.plist */ = {isa = PBXFileReference; lastKnownFileType = text.plist.xml; path = Info.plist; sourceTree = "<group>"; };
		E277FBB91A8EC38800D13628 /* KeyChainHelperTests.m */ = {isa = PBXFileReference; lastKnownFileType = sourcecode.c.objc; path = KeyChainHelperTests.m; sourceTree = "<group>"; };
		E277FBC31A8EC3A500D13628 /* KeyChainHelper.h */ = {isa = PBXFileReference; fileEncoding = 4; lastKnownFileType = sourcecode.c.h; path = KeyChainHelper.h; sourceTree = "<group>"; };
		E277FBC41A8EC3A500D13628 /* KeyChainHelper.m */ = {isa = PBXFileReference; fileEncoding = 4; lastKnownFileType = sourcecode.c.objc; path = KeyChainHelper.m; sourceTree = "<group>"; };
		E277FBC61A8EC6BA00D13628 /* Security.framework */ = {isa = PBXFileReference; lastKnownFileType = wrapper.framework; name = Security.framework; path = System/Library/Frameworks/Security.framework; sourceTree = SDKROOT; };
/* End PBXFileReference section */

/* Begin PBXFrameworksBuildPhase section */
		E277FB941A8EC38800D13628 /* Frameworks */ = {
			isa = PBXFrameworksBuildPhase;
			buildActionMask = 2147483647;
			files = (
				E277FBC71A8EC6BA00D13628 /* Security.framework in Frameworks */,
			);
			runOnlyForDeploymentPostprocessing = 0;
		};
		E277FBB01A8EC38800D13628 /* Frameworks */ = {
			isa = PBXFrameworksBuildPhase;
			buildActionMask = 2147483647;
			files = (
			);
			runOnlyForDeploymentPostprocessing = 0;
		};
/* End PBXFrameworksBuildPhase section */

/* Begin PBXGroup section */
		E277FB8E1A8EC38800D13628 = {
			isa = PBXGroup;
			children = (
				E277FBC61A8EC6BA00D13628 /* Security.framework */,
				E277FB991A8EC38800D13628 /* KeyChainHelper */,
				E277FBB61A8EC38800D13628 /* KeyChainHelperTests */,
				E277FB981A8EC38800D13628 /* Products */,
			);
			sourceTree = "<group>";
		};
		E277FB981A8EC38800D13628 /* Products */ = {
			isa = PBXGroup;
			children = (
				E277FB971A8EC38800D13628 /* KeyChainHelper.app */,
				E277FBB31A8EC38800D13628 /* KeyChainHelperTests.xctest */,
			);
			name = Products;
			sourceTree = "<group>";
		};
		E277FB991A8EC38800D13628 /* KeyChainHelper */ = {
			isa = PBXGroup;
			children = (
				E277FB9E1A8EC38800D13628 /* AppDelegate.h */,
				E277FB9F1A8EC38800D13628 /* AppDelegate.m */,
				E277FBA41A8EC38800D13628 /* ViewController.h */,
				E277FBA51A8EC38800D13628 /* ViewController.m */,
				E277FBA71A8EC38800D13628 /* Main.storyboard */,
				E277FBAA1A8EC38800D13628 /* Images.xcassets */,
				E277FBAC1A8EC38800D13628 /* LaunchScreen.xib */,
				E277FBA11A8EC38800D13628 /* KeyChainHelper.xcdatamodeld */,
				E277FB9A1A8EC38800D13628 /* Supporting Files */,
				E277FBC31A8EC3A500D13628 /* KeyChainHelper.h */,
				E277FBC41A8EC3A500D13628 /* KeyChainHelper.m */,
			);
			path = KeyChainHelper;
			sourceTree = "<group>";
		};
		E277FB9A1A8EC38800D13628 /* Supporting Files */ = {
			isa = PBXGroup;
			children = (
				E277FB9B1A8EC38800D13628 /* Info.plist */,
				E277FB9C1A8EC38800D13628 /* main.m */,
			);
			name = "Supporting Files";
			sourceTree = "<group>";
		};
		E277FBB61A8EC38800D13628 /* KeyChainHelperTests */ = {
			isa = PBXGroup;
			children = (
				E277FBB91A8EC38800D13628 /* KeyChainHelperTests.m */,
				E277FBB71A8EC38800D13628 /* Supporting Files */,
			);
			path = KeyChainHelperTests;
			sourceTree = "<group>";
		};
		E277FBB71A8EC38800D13628 /* Supporting Files */ = {
			isa = PBXGroup;
			children = (
				E277FBB81A8EC38800D13628 /* Info.plist */,
			);
			name = "Supporting Files";
			sourceTree = "<group>";
		};
/* End PBXGroup section */

/* Begin PBXNativeTarget section */
		E277FB961A8EC38800D13628 /* KeyChainHelper */ = {
			isa = PBXNativeTarget;
			buildConfigurationList = E277FBBD1A8EC38800D13628 /* Build configuration list for PBXNativeTarget "KeyChainHelper" */;
			buildPhases = (
				E277FB931A8EC38800D13628 /* Sources */,
				E277FB941A8EC38800D13628 /* Frameworks */,
				E277FB951A8EC38800D13628 /* Resources */,
			);
			buildRules = (
			);
			dependencies = (
			);
			name = KeyChainHelper;
			productName = KeyChainHelper;
			productReference = E277FB971A8EC38800D13628 /* KeyChainHelper.app */;
			productType = "com.apple.product-type.application";
		};
		E277FBB21A8EC38800D13628 /* KeyChainHelperTests */ = {
			isa = PBXNativeTarget;
			buildConfigurationList = E277FBC01A8EC38800D13628 /* Build configuration list for PBXNativeTarget "KeyChainHelperTests" */;
			buildPhases = (
				E277FBAF1A8EC38800D13628 /* Sources */,
				E277FBB01A8EC38800D13628 /* Frameworks */,
				E277FBB11A8EC38800D13628 /* Resources */,
			);
			buildRules = (
			);
			dependencies = (
				E277FBB51A8EC38800D13628 /* PBXTargetDependency */,
			);
			name = KeyChainHelperTests;
			productName = KeyChainHelperTests;
			productReference = E277FBB31A8EC38800D13628 /* KeyChainHelperTests.xctest */;
			productType = "com.apple.product-type.bundle.unit-test";
		};
/* End PBXNativeTarget section */

/* Begin PBXProject section */
		E277FB8F1A8EC38800D13628 /* Project object */ = {
			isa = PBXProject;
			attributes = {
				LastUpgradeCheck = 0610;
				ORGANIZATIONNAME = "Tom Jay";
				TargetAttributes = {
					E277FB961A8EC38800D13628 = {
						CreatedOnToolsVersion = 6.1.1;
					};
					E277FBB21A8EC38800D13628 = {
						CreatedOnToolsVersion = 6.1.1;
						TestTargetID = E277FB961A8EC38800D13628;
					};
				};
			};
			buildConfigurationList = E277FB921A8EC38800D13628 /* Build configuration list for PBXProject "KeyChainHelper" */;
			compatibilityVersion = "Xcode 3.2";
			developmentRegion = English;
			hasScannedForEncodings = 0;
			knownRegions = (
				en,
				Base,
			);
			mainGroup = E277FB8E1A8EC38800D13628;
			productRefGroup = E277FB981A8EC38800D13628 /* Products */;
			projectDirPath = "";
			projectRoot = "";
			targets = (
				E277FB961A8EC38800D13628 /* KeyChainHelper */,
				E277FBB21A8EC38800D13628 /* KeyChainHelperTests */,
			);
		};
/* End PBXProject section */

/* Begin PBXResourcesBuildPhase section */
		E277FB951A8EC38800D13628 /* Resources */ = {
			isa = PBXResourcesBuildPhase;
			buildActionMask = 2147483647;
			files = (
				E277FBA91A8EC38800D13628 /* Main.storyboard in Resources */,
				E277FBAE1A8EC38800D13628 /* LaunchScreen.xib in Resources */,
				E277FBAB1A8EC38800D13628 /* Images.xcassets in Resources */,
			);
			runOnlyForDeploymentPostprocessing = 0;
		};
		E277FBB11A8EC38800D13628 /* Resources */ = {
			isa = PBXResourcesBuildPhase;
			buildActionMask = 2147483647;
			files = (
			);
			runOnlyForDeploymentPostprocessing = 0;
		};
/* End PBXResourcesBuildPhase section */

/* Begin PBXSourcesBuildPhase section */
		E277FB931A8EC38800D13628 /* Sources */ = {
			isa = PBXSourcesBuildPhase;
			buildActionMask = 2147483647;
			files = (
				E277FBA31A8EC38800D13628 /* KeyChainHelper.xcdatamodeld in Sources */,
				E277FBA01A8EC38800D13628 /* AppDelegate.m in Sources */,
				E277FBA61A8EC38800D13628 /* ViewController.m in Sources */,
				E277FBC51A8EC3A500D13628 /* KeyChainHelper.m in Sources */,
				E277FB9D1A8EC38800D13628 /* main.m in Sources */,
			);
			runOnlyForDeploymentPostprocessing = 0;
		};
		E277FBAF1A8EC38800D13628 /* Sources */ = {
			isa = PBXSourcesBuildPhase;
			buildActionMask = 2147483647;
			files = (
				E277FBBA1A8EC38800D13628 /* KeyChainHelperTests.m in Sources */,
			);
			runOnlyForDeploymentPostprocessing = 0;
		};
/* End PBXSourcesBuildPhase section */

/* Begin PBXTargetDependency section */
		E277FBB51A8EC38800D13628 /* PBXTargetDependency */ = {
			isa = PBXTargetDependency;
			target = E277FB961A8EC38800D13628 /* KeyChainHelper */;
			targetProxy = E277FBB41A8EC38800D13628 /* PBXContainerItemProxy */;
		};
/* End PBXTargetDependency section */

/* Begin PBXVariantGroup section */
		E277FBA71A8EC38800D13628 /* Main.storyboard */ = {
			isa = PBXVariantGroup;
			children = (
				E277FBA81A8EC38800D13628 /* Base */,
			);
			name = Main.storyboard;
			sourceTree = "<group>";
		};
		E277FBAC1A8EC38800D13628 /* LaunchScreen.xib */ = {
			isa = PBXVariantGroup;
			children = (
				E277FBAD1A8EC38800D13628 /* Base */,
			);
			name = LaunchScreen.xib;
			sourceTree = "<group>";
		};
/* End PBXVariantGroup section */

/* Begin XCBuildConfiguration section */
		E277FBBB1A8EC38800D13628 /* Debug */ = {
			isa = XCBuildConfiguration;
			buildSettings = {
				ALWAYS_SEARCH_USER_PATHS = NO;
				CLANG_CXX_LANGUAGE_STANDARD = "gnu++0x";
				CLANG_CXX_LIBRARY = "libc++";
				CLANG_ENABLE_MODULES = YES;
				CLANG_ENABLE_OBJC_ARC = YES;
				CLANG_WARN_BOOL_CONVERSION = YES;
				CLANG_WARN_CONSTANT_CONVERSION = YES;
				CLANG_WARN_DIRECT_OBJC_ISA_USAGE = YES_ERROR;
				CLANG_WARN_EMPTY_BODY = YES;
				CLANG_WARN_ENUM_CONVERSION = YES;
				CLANG_WARN_INT_CONVERSION = YES;
				CLANG_WARN_OBJC_ROOT_CLASS = YES_ERROR;
				CLANG_WARN_UNREACHABLE_CODE = YES;
				CLANG_WARN__DUPLICATE_METHOD_MATCH = YES;
				"CODE_SIGN_IDENTITY[sdk=iphoneos*]" = "iPhone Developer";
				COPY_PHASE_STRIP = NO;
				ENABLE_STRICT_OBJC_MSGSEND = YES;
				GCC_C_LANGUAGE_STANDARD = gnu99;
				GCC_DYNAMIC_NO_PIC = NO;
				GCC_OPTIMIZATION_LEVEL = 0;
				GCC_PREPROCESSOR_DEFINITIONS = (
					"DEBUG=1",
					"$(inherited)",
				);
				GCC_SYMBOLS_PRIVATE_EXTERN = NO;
				GCC_WARN_64_TO_32_BIT_CONVERSION = YES;
				GCC_WARN_ABOUT_RETURN_TYPE = YES_ERROR;
				GCC_WARN_UNDECLARED_SELECTOR = YES;
				GCC_WARN_UNINITIALIZED_AUTOS = YES_AGGRESSIVE;
				GCC_WARN_UNUSED_FUNCTION = YES;
				GCC_WARN_UNUSED_VARIABLE = YES;
				IPHONEOS_DEPLOYMENT_TARGET = 8.1;
				MTL_ENABLE_DEBUG_INFO = YES;
				ONLY_ACTIVE_ARCH = YES;
				SDKROOT = iphoneos;
			};
			name = Debug;
		};
		E277FBBC1A8EC38800D13628 /* Release */ = {
			isa = XCBuildConfiguration;
			buildSettings = {
				ALWAYS_SEARCH_USER_PATHS = NO;
				CLANG_CXX_LANGUAGE_STANDARD = "gnu++0x";
				CLANG_CXX_LIBRARY = "libc++";
				CLANG_ENABLE_MODULES = YES;
				CLANG_ENABLE_OBJC_ARC = YES;
				CLANG_WARN_BOOL_CONVERSION = YES;
				CLANG_WARN_CONSTANT_CONVERSION = YES;
				CLANG_WARN_DIRECT_OBJC_ISA_USAGE = YES_ERROR;
				CLANG_WARN_EMPTY_BODY = YES;
				CLANG_WARN_ENUM_CONVERSION = YES;
				CLANG_WARN_INT_CONVERSION = YES;
				CLANG_WARN_OBJC_ROOT_CLASS = YES_ERROR;
				CLANG_WARN_UNREACHABLE_CODE = YES;
				CLANG_WARN__DUPLICATE_METHOD_MATCH = YES;
				"CODE_SIGN_IDENTITY[sdk=iphoneos*]" = "iPhone Developer";
				COPY_PHASE_STRIP = YES;
				ENABLE_NS_ASSERTIONS = NO;
				ENABLE_STRICT_OBJC_MSGSEND = YES;
				GCC_C_LANGUAGE_STANDARD = gnu99;
				GCC_WARN_64_TO_32_BIT_CONVERSION = YES;
				GCC_WARN_ABOUT_RETURN_TYPE = YES_ERROR;
				GCC_WARN_UNDECLARED_SELECTOR = YES;
				GCC_WARN_UNINITIALIZED_AUTOS = YES_AGGRESSIVE;
				GCC_WARN_UNUSED_FUNCTION = YES;
				GCC_WARN_UNUSED_VARIABLE = YES;
				IPHONEOS_DEPLOYMENT_TARGET = 8.1;
				MTL_ENABLE_DEBUG_INFO = NO;
				SDKROOT = iphoneos;
				VALIDATE_PRODUCT = YES;
			};
			name = Release;
		};
		E277FBBE1A8EC38800D13628 /* Debug */ = {
			isa = XCBuildConfiguration;
			buildSettings = {
				ASSETCATALOG_COMPILER_APPICON_NAME = AppIcon;
				INFOPLIST_FILE = KeyChainHelper/Info.plist;
				LD_RUNPATH_SEARCH_PATHS = "$(inherited) @executable_path/Frameworks";
				PRODUCT_NAME = "$(TARGET_NAME)";
			};
			name = Debug;
		};
		E277FBBF1A8EC38800D13628 /* Release */ = {
			isa = XCBuildConfiguration;
			buildSettings = {
				ASSETCATALOG_COMPILER_APPICON_NAME = AppIcon;
				INFOPLIST_FILE = KeyChainHelper/Info.plist;
				LD_RUNPATH_SEARCH_PATHS = "$(inherited) @executable_path/Frameworks";
				PRODUCT_NAME = "$(TARGET_NAME)";
			};
			name = Release;
		};
		E277FBC11A8EC38800D13628 /* Debug */ = {
			isa = XCBuildConfiguration;
			buildSettings = {
				BUNDLE_LOADER = "$(TEST_HOST)";
				FRAMEWORK_SEARCH_PATHS = (
					"$(SDKROOT)/Developer/Library/Frameworks",
					"$(inherited)",
				);
				GCC_PREPROCESSOR_DEFINITIONS = (
					"DEBUG=1",
					"$(inherited)",
				);
				INFOPLIST_FILE = KeyChainHelperTests/Info.plist;
				LD_RUNPATH_SEARCH_PATHS = "$(inherited) @executable_path/Frameworks @loader_path/Frameworks";
				PRODUCT_NAME = "$(TARGET_NAME)";
				TEST_HOST = "$(BUILT_PRODUCTS_DIR)/KeyChainHelper.app/KeyChainHelper";
			};
			name = Debug;
		};
		E277FBC21A8EC38800D13628 /* Release */ = {
			isa = XCBuildConfiguration;
			buildSettings = {
				BUNDLE_LOADER = "$(TEST_HOST)";
				FRAMEWORK_SEARCH_PATHS = (
					"$(SDKROOT)/Developer/Library/Frameworks",
					"$(inherited)",
				);
				INFOPLIST_FILE = KeyChainHelperTests/Info.plist;
				LD_RUNPATH_SEARCH_PATHS = "$(inherited) @executable_path/Frameworks @loader_path/Frameworks";
				PRODUCT_NAME = "$(TARGET_NAME)";
				TEST_HOST = "$(BUILT_PRODUCTS_DIR)/KeyChainHelper.app/KeyChainHelper";
			};
			name = Release;
		};
/* End XCBuildConfiguration section */

/* Begin XCConfigurationList section */
		E277FB921A8EC38800D13628 /* Build configuration list for PBXProject "KeyChainHelper" */ = {
			isa = XCConfigurationList;
			buildConfigurations = (
				E277FBBB1A8EC38800D13628 /* Debug */,
				E277FBBC1A8EC38800D13628 /* Release */,
			);
			defaultConfigurationIsVisible = 0;
			defaultConfigurationName = Release;
		};
		E277FBBD1A8EC38800D13628 /* Build configuration list for PBXNativeTarget "KeyChainHelper" */ = {
			isa = XCConfigurationList;
			buildConfigurations = (
				E277FBBE1A8EC38800D13628 /* Debug */,
				E277FBBF1A8EC38800D13628 /* Release */,
			);
			defaultConfigurationIsVisible = 0;
		};
		E277FBC01A8EC38800D13628 /* Build configuration list for PBXNativeTarget "KeyChainHelperTests" */ = {
			isa = XCConfigurationList;
			buildConfigurations = (
				E277FBC11A8EC38800D13628 /* Debug */,
				E277FBC21A8EC38800D13628 /* Release */,
			);
			defaultConfigurationIsVisible = 0;
		};
/* End XCConfigurationList section */

/* Begin XCVersionGroup section */
		E277FBA11A8EC38800D13628 /* KeyChainHelper.xcdatamodeld */ = {
			isa = XCVersionGroup;
			children = (
				E277FBA21A8EC38800D13628 /* KeyChainHelper.xcdatamodel */,
			);
			currentVersion = E277FBA21A8EC38800D13628 /* KeyChainHelper.xcdatamodel */;
			path = KeyChainHelper.xcdatamodeld;
			sourceTree = "<group>";
			versionGroupType = wrapper.xcdatamodel;
		};
/* End XCVersionGroup section */
	};
	rootObject = E277FB8F1A8EC38800D13628 /* Project object */;
}
